
Microsoft Visual Studio Solution File, Format Version 12.00
# Visual Studio Version 17
VisualStudioVersion = 17.3.32929.385
MinimumVisualStudioVersion = 10.0.40219.1
Project("{FAE04EC0-301F-11D3-BF4B-00C04F79EFBC}") = "MusicPlayerConsoleApp", "MusicPlayerConsoleApp\MusicPlayerConsoleApp.csproj", "{F54B9203-806D-499B-B6C5-16E0E78476C3}"
EndProject
Global
	GlobalSection(SolutionConfigurationPlatforms) = preSolution
		Debug|Any CPU = Debug|Any CPU
		Release|Any CPU = Release|Any CPU
	EndGlobalSection
	GlobalSection(ProjectConfigurationPlatforms) = postSolution
		{F54B9203-806D-499B-B6C5-16E0E78476C3}.Debug|Any CPU.ActiveCfg = Debug|Any CPU
		{F54B9203-806D-499B-B6C5-16E0E78476C3}.Debug|Any CPU.Build.0 = Debug|Any CPU
		{F54B9203-806D-499B-B6C5-16E0E78476C3}.Release|Any CPU.ActiveCfg = Release|Any CPU
		{F54B9203-806D-499B-B6C5-16E0E78476C3}.Release|Any CPU.Build.0 = Release|Any CPU
	EndGlobalSection
	GlobalSection(SolutionProperties) = preSolution
		HideSolutionNode = FALSE
	EndGlobalSection
	GlobalSection(ExtensibilityGlobals) = postSolution
		SolutionGuid = {939E883B-CF65-4E01-B1CA-E6B8FD59BCD9}
	EndGlobalSection
EndGlobal
